
Microsoft Visual Studio Solution File, Format Version 12.00
# Visual Studio Version 16
VisualStudioVersion = 16.0.30503.244
MinimumVisualStudioVersion = 10.0.40219.1
Project("{9A19103F-16F7-4668-BE54-9A1E7A4F7556}") = "CBTClient", "CBTClient\CBTClient.csproj", "{24C2B1EB-0359-445B-BADB-FE06B30CE619}"
EndProject
Project("{9A19103F-16F7-4668-BE54-9A1E7A4F7556}") = "CbtApi", "..\..\edu-api.cbt\CbtApi\CbtApi.csproj", "{A3F17C19-6A96-4877-8207-67F14D98327B}"
EndProject
Global
	GlobalSection(SolutionConfigurationPlatforms) = preSolution
		Debug|Any CPU = Debug|Any CPU
		Release|Any CPU = Release|Any CPU
	EndGlobalSection
	GlobalSection(ProjectConfigurationPlatforms) = postSolution
		{24C2B1EB-0359-445B-BADB-FE06B30CE619}.Debug|Any CPU.ActiveCfg = Debug|Any CPU
		{24C2B1EB-0359-445B-BADB-FE06B30CE619}.Debug|Any CPU.Build.0 = Debug|Any CPU
		{24C2B1EB-0359-445B-BADB-FE06B30CE619}.Release|Any CPU.ActiveCfg = Release|Any CPU
		{24C2B1EB-0359-445B-BADB-FE06B30CE619}.Release|Any CPU.Build.0 = Release|Any CPU
		{A3F17C19-6A96-4877-8207-67F14D98327B}.Debug|Any CPU.ActiveCfg = Debug|Any CPU
		{A3F17C19-6A96-4877-8207-67F14D98327B}.Debug|Any CPU.Build.0 = Debug|Any CPU
		{A3F17C19-6A96-4877-8207-67F14D98327B}.Release|Any CPU.ActiveCfg = Release|Any CPU
		{A3F17C19-6A96-4877-8207-67F14D98327B}.Release|Any CPU.Build.0 = Release|Any CPU
	EndGlobalSection
	GlobalSection(SolutionProperties) = preSolution
		HideSolutionNode = FALSE
	EndGlobalSection
	GlobalSection(ExtensibilityGlobals) = postSolution
		SolutionGuid = {3E28D544-45FE-41C2-8EC0-867515E8E672}
	EndGlobalSection
EndGlobal
